// !$*UTF8*$!
{
	archiveVersion = 1;
	classes = {
	};
	objectVersion = 50;
	objects = {

/* Begin PBXBuildFile section */
		9A4D2C8C23A104E4004F3918 /* AppDelegate.swift in Sources */ = {isa = PBXBuildFile; fileRef = 9A4D2C8B23A104E4004F3918 /* AppDelegate.swift */; };
		9A4D2C8E23A104E4004F3918 /* SceneDelegate.swift in Sources */ = {isa = PBXBuildFile; fileRef = 9A4D2C8D23A104E4004F3918 /* SceneDelegate.swift */; };
		9A4D2C9023A104E4004F3918 /* ViewController.swift in Sources */ = {isa = PBXBuildFile; fileRef = 9A4D2C8F23A104E4004F3918 /* ViewController.swift */; };
		9A4D2C9323A104E4004F3918 /* Main.storyboard in Resources */ = {isa = PBXBuildFile; fileRef = 9A4D2C9123A104E4004F3918 /* Main.storyboard */; };
		9A4D2C9523A104E5004F3918 /* Assets.xcassets in Resources */ = {isa = PBXBuildFile; fileRef = 9A4D2C9423A104E5004F3918 /* Assets.xcassets */; };
		9A4D2C9823A104E5004F3918 /* LaunchScreen.storyboard in Resources */ = {isa = PBXBuildFile; fileRef = 9A4D2C9623A104E5004F3918 /* LaunchScreen.storyboard */; };
		9A4D2CA323A104E5004F3918 /* Diffable_Data_SourceTests.swift in Sources */ = {isa = PBXBuildFile; fileRef = 9A4D2CA223A104E5004F3918 /* Diffable_Data_SourceTests.swift */; };
		9A4D2CAE23A104E5004F3918 /* Diffable_Data_SourceUITests.swift in Sources */ = {isa = PBXBuildFile; fileRef = 9A4D2CAD23A104E5004F3918 /* Diffable_Data_SourceUITests.swift */; };
/* End PBXBuildFile section */

/* Begin PBXContainerItemProxy section */
		9A4D2C9F23A104E5004F3918 /* PBXContainerItemProxy */ = {
			isa = PBXContainerItemProxy;
			containerPortal = 9A4D2C8023A104E4004F3918 /* Project object */;
			proxyType = 1;
			remoteGlobalIDString = 9A4D2C8723A104E4004F3918;
			remoteInfo = "Diffable Data Source";
		};
		9A4D2CAA23A104E5004F3918 /* PBXContainerItemProxy */ = {
			isa = PBXContainerItemProxy;
			containerPortal = 9A4D2C8023A104E4004F3918 /* Project object */;
			proxyType = 1;
			remoteGlobalIDString = 9A4D2C8723A104E4004F3918;
			remoteInfo = "Diffable Data Source";
		};
/* End PBXContainerItemProxy section */

/* Begin PBXFileReference section */
		9A4D2C8823A104E4004F3918 /* Diffable Data Source.app */ = {isa = PBXFileReference; explicitFileType = wrapper.application; includeInIndex = 0; path = "Diffable Data Source.app"; sourceTree = BUILT_PRODUCTS_DIR; };
		9A4D2C8B23A104E4004F3918 /* AppDelegate.swift */ = {isa = PBXFileReference; lastKnownFileType = sourcecode.swift; path = AppDelegate.swift; sourceTree = "<group>"; };
		9A4D2C8D23A104E4004F3918 /* SceneDelegate.swift */ = {isa = PBXFileReference; lastKnownFileType = sourcecode.swift; path = SceneDelegate.swift; sourceTree = "<group>"; };
		9A4D2C8F23A104E4004F3918 /* ViewController.swift */ = {isa = PBXFileReference; lastKnownFileType = sourcecode.swift; path = ViewController.swift; sourceTree = "<group>"; };
		9A4D2C9223A104E4004F3918 /* Base */ = {isa = PBXFileReference; lastKnownFileType = file.storyboard; name = Base; path = Base.lproj/Main.storyboard; sourceTree = "<group>"; };
		9A4D2C9423A104E5004F3918 /* Assets.xcassets */ = {isa = PBXFileReference; lastKnownFileType = folder.assetcatalog; path = Assets.xcassets; sourceTree = "<group>"; };
		9A4D2C9723A104E5004F3918 /* Base */ = {isa = PBXFileReference; lastKnownFileType = file.storyboard; name = Base; path = Base.lproj/LaunchScreen.storyboard; sourceTree = "<group>"; };
		9A4D2C9923A104E5004F3918 /* Info.plist */ = {isa = PBXFileReference; lastKnownFileType = text.plist.xml; path = Info.plist; sourceTree = "<group>"; };
		9A4D2C9E23A104E5004F3918 /* Diffable Data SourceTests.xctest */ = {isa = PBXFileReference; explicitFileType = wrapper.cfbundle; includeInIndex = 0; path = "Diffable Data SourceTests.xctest"; sourceTree = BUILT_PRODUCTS_DIR; };
		9A4D2CA223A104E5004F3918 /* Diffable_Data_SourceTests.swift */ = {isa = PBXFileReference; lastKnownFileType = sourcecode.swift; path = Diffable_Data_SourceTests.swift; sourceTree = "<group>"; };
		9A4D2CA423A104E5004F3918 /* Info.plist */ = {isa = PBXFileReference; lastKnownFileType = text.plist.xml; path = Info.plist; sourceTree = "<group>"; };
		9A4D2CA923A104E5004F3918 /* Diffable Data SourceUITests.xctest */ = {isa = PBXFileReference; explicitFileType = wrapper.cfbundle; includeInIndex = 0; path = "Diffable Data SourceUITests.xctest"; sourceTree = BUILT_PRODUCTS_DIR; };
		9A4D2CAD23A104E5004F3918 /* Diffable_Data_SourceUITests.swift */ = {isa = PBXFileReference; lastKnownFileType = sourcecode.swift; path = Diffable_Data_SourceUITests.swift; sourceTree = "<group>"; };
		9A4D2CAF23A104E5004F3918 /* Info.plist */ = {isa = PBXFileReference; lastKnownFileType = text.plist.xml; path = Info.plist; sourceTree = "<group>"; };
/* End PBXFileReference section */

/* Begin PBXFrameworksBuildPhase section */
		9A4D2C8523A104E4004F3918 /* Frameworks */ = {
			isa = PBXFrameworksBuildPhase;
			buildActionMask = 2147483647;
			files = (
			);
			runOnlyForDeploymentPostprocessing = 0;
		};
		9A4D2C9B23A104E5004F3918 /* Frameworks */ = {
			isa = PBXFrameworksBuildPhase;
			buildActionMask = 2147483647;
			files = (
			);
			runOnlyForDeploymentPostprocessing = 0;
		};
		9A4D2CA623A104E5004F3918 /* Frameworks */ = {
			isa = PBXFrameworksBuildPhase;
			buildActionMask = 2147483647;
			files = (
			);
			runOnlyForDeploymentPostprocessing = 0;
		};
/* End PBXFrameworksBuildPhase section */

/* Begin PBXGroup section */
		9A4D2C7F23A104E4004F3918 = {
			isa = PBXGroup;
			children = (
				9A4D2C8A23A104E4004F3918 /* Diffable Data Source */,
				9A4D2CA123A104E5004F3918 /* Diffable Data SourceTests */,
				9A4D2CAC23A104E5004F3918 /* Diffable Data SourceUITests */,
				9A4D2C8923A104E4004F3918 /* Products */,
			);
			sourceTree = "<group>";
		};
		9A4D2C8923A104E4004F3918 /* Products */ = {
			isa = PBXGroup;
			children = (
				9A4D2C8823A104E4004F3918 /* Diffable Data Source.app */,
				9A4D2C9E23A104E5004F3918 /* Diffable Data SourceTests.xctest */,
				9A4D2CA923A104E5004F3918 /* Diffable Data SourceUITests.xctest */,
			);
			name = Products;
			sourceTree = "<group>";
		};
		9A4D2C8A23A104E4004F3918 /* Diffable Data Source */ = {
			isa = PBXGroup;
			children = (
				9A4D2C8B23A104E4004F3918 /* AppDelegate.swift */,
				9A4D2C8D23A104E4004F3918 /* SceneDelegate.swift */,
				9A4D2C8F23A104E4004F3918 /* ViewController.swift */,
				9A4D2C9123A104E4004F3918 /* Main.storyboard */,
				9A4D2C9423A104E5004F3918 /* Assets.xcassets */,
				9A4D2C9623A104E5004F3918 /* LaunchScreen.storyboard */,
				9A4D2C9923A104E5004F3918 /* Info.plist */,
			);
			path = "Diffable Data Source";
			sourceTree = "<group>";
		};
		9A4D2CA123A104E5004F3918 /* Diffable Data SourceTests */ = {
			isa = PBXGroup;
			children = (
				9A4D2CA223A104E5004F3918 /* Diffable_Data_SourceTests.swift */,
				9A4D2CA423A104E5004F3918 /* Info.plist */,
			);
			path = "Diffable Data SourceTests";
			sourceTree = "<group>";
		};
		9A4D2CAC23A104E5004F3918 /* Diffable Data SourceUITests */ = {
			isa = PBXGroup;
			children = (
				9A4D2CAD23A104E5004F3918 /* Diffable_Data_SourceUITests.swift */,
				9A4D2CAF23A104E5004F3918 /* Info.plist */,
			);
			path = "Diffable Data SourceUITests";
			sourceTree = "<group>";
		};
/* End PBXGroup section */

/* Begin PBXNativeTarget section */
		9A4D2C8723A104E4004F3918 /* Diffable Data Source */ = {
			isa = PBXNativeTarget;
			buildConfigurationList = 9A4D2CB223A104E5004F3918 /* Build configuration list for PBXNativeTarget "Diffable Data Source" */;
			buildPhases = (
				9A4D2C8423A104E4004F3918 /* Sources */,
				9A4D2C8523A104E4004F3918 /* Frameworks */,
				9A4D2C8623A104E4004F3918 /* Resources */,
			);
			buildRules = (
			);
			dependencies = (
			);
			name = "Diffable Data Source";
			productName = "Diffable Data Source";
			productReference = 9A4D2C8823A104E4004F3918 /* Diffable Data Source.app */;
			productType = "com.apple.product-type.application";
		};
		9A4D2C9D23A104E5004F3918 /* Diffable Data SourceTests */ = {
			isa = PBXNativeTarget;
			buildConfigurationList = 9A4D2CB523A104E5004F3918 /* Build configuration list for PBXNativeTarget "Diffable Data SourceTests" */;
			buildPhases = (
				9A4D2C9A23A104E5004F3918 /* Sources */,
				9A4D2C9B23A104E5004F3918 /* Frameworks */,
				9A4D2C9C23A104E5004F3918 /* Resources */,
			);
			buildRules = (
			);
			dependencies = (
				9A4D2CA023A104E5004F3918 /* PBXTargetDependency */,
			);
			name = "Diffable Data SourceTests";
			productName = "Diffable Data SourceTests";
			productReference = 9A4D2C9E23A104E5004F3918 /* Diffable Data SourceTests.xctest */;
			productType = "com.apple.product-type.bundle.unit-test";
		};
		9A4D2CA823A104E5004F3918 /* Diffable Data SourceUITests */ = {
			isa = PBXNativeTarget;
			buildConfigurationList = 9A4D2CB823A104E5004F3918 /* Build configuration list for PBXNativeTarget "Diffable Data SourceUITests" */;
			buildPhases = (
				9A4D2CA523A104E5004F3918 /* Sources */,
				9A4D2CA623A104E5004F3918 /* Frameworks */,
				9A4D2CA723A104E5004F3918 /* Resources */,
			);
			buildRules = (
			);
			dependencies = (
				9A4D2CAB23A104E5004F3918 /* PBXTargetDependency */,
			);
			name = "Diffable Data SourceUITests";
			productName = "Diffable Data SourceUITests";
			productReference = 9A4D2CA923A104E5004F3918 /* Diffable Data SourceUITests.xctest */;
			productType = "com.apple.product-type.bundle.ui-testing";
		};
/* End PBXNativeTarget section */

/* Begin PBXProject section */
		9A4D2C8023A104E4004F3918 /* Project object */ = {
			isa = PBXProject;
			attributes = {
				LastSwiftUpdateCheck = 1100;
				LastUpgradeCheck = 1100;
				ORGANIZATIONNAME = "Sachin Dumal";
				TargetAttributes = {
					9A4D2C8723A104E4004F3918 = {
						CreatedOnToolsVersion = 11.0;
					};
					9A4D2C9D23A104E5004F3918 = {
						CreatedOnToolsVersion = 11.0;
						TestTargetID = 9A4D2C8723A104E4004F3918;
					};
					9A4D2CA823A104E5004F3918 = {
						CreatedOnToolsVersion = 11.0;
						TestTargetID = 9A4D2C8723A104E4004F3918;
					};
				};
			};
			buildConfigurationList = 9A4D2C8323A104E4004F3918 /* Build configuration list for PBXProject "Diffable Data Source" */;
			compatibilityVersion = "Xcode 9.3";
			developmentRegion = en;
			hasScannedForEncodings = 0;
			knownRegions = (
				en,
				Base,
			);
			mainGroup = 9A4D2C7F23A104E4004F3918;
			productRefGroup = 9A4D2C8923A104E4004F3918 /* Products */;
			projectDirPath = "";
			projectRoot = "";
			targets = (
				9A4D2C8723A104E4004F3918 /* Diffable Data Source */,
				9A4D2C9D23A104E5004F3918 /* Diffable Data SourceTests */,
				9A4D2CA823A104E5004F3918 /* Diffable Data SourceUITests */,
			);
		};
/* End PBXProject section */

/* Begin PBXResourcesBuildPhase section */
		9A4D2C8623A104E4004F3918 /* Resources */ = {
			isa = PBXResourcesBuildPhase;
			buildActionMask = 2147483647;
			files = (
				9A4D2C9823A104E5004F3918 /* LaunchScreen.storyboard in Resources */,
				9A4D2C9523A104E5004F3918 /* Assets.xcassets in Resources */,
				9A4D2C9323A104E4004F3918 /* Main.storyboard in Resources */,
			);
			runOnlyForDeploymentPostprocessing = 0;
		};
		9A4D2C9C23A104E5004F3918 /* Resources */ = {
			isa = PBXResourcesBuildPhase;
			buildActionMask = 2147483647;
			files = (
			);
			runOnlyForDeploymentPostprocessing = 0;
		};
		9A4D2CA723A104E5004F3918 /* Resources */ = {
			isa = PBXResourcesBuildPhase;
			buildActionMask = 2147483647;
			files = (
			);
			runOnlyForDeploymentPostprocessing = 0;
		};
/* End PBXResourcesBuildPhase section */

/* Begin PBXSourcesBuildPhase section */
		9A4D2C8423A104E4004F3918 /* Sources */ = {
			isa = PBXSourcesBuildPhase;
			buildActionMask = 2147483647;
			files = (
				9A4D2C9023A104E4004F3918 /* ViewController.swift in Sources */,
				9A4D2C8C23A104E4004F3918 /* AppDelegate.swift in Sources */,
				9A4D2C8E23A104E4004F3918 /* SceneDelegate.swift in Sources */,
			);
			runOnlyForDeploymentPostprocessing = 0;
		};
		9A4D2C9A23A104E5004F3918 /* Sources */ = {
			isa = PBXSourcesBuildPhase;
			buildActionMask = 2147483647;
			files = (
				9A4D2CA323A104E5004F3918 /* Diffable_Data_SourceTests.swift in Sources */,
			);
			runOnlyForDeploymentPostprocessing = 0;
		};
		9A4D2CA523A104E5004F3918 /* Sources */ = {
			isa = PBXSourcesBuildPhase;
			buildActionMask = 2147483647;
			files = (
				9A4D2CAE23A104E5004F3918 /* Diffable_Data_SourceUITests.swift in Sources */,
			);
			runOnlyForDeploymentPostprocessing = 0;
		};
/* End PBXSourcesBuildPhase section */

/* Begin PBXTargetDependency section */
		9A4D2CA023A104E5004F3918 /* PBXTargetDependency */ = {
			isa = PBXTargetDependency;
			target = 9A4D2C8723A104E4004F3918 /* Diffable Data Source */;
			targetProxy = 9A4D2C9F23A104E5004F3918 /* PBXContainerItemProxy */;
		};
		9A4D2CAB23A104E5004F3918 /* PBXTargetDependency */ = {
			isa = PBXTargetDependency;
			target = 9A4D2C8723A104E4004F3918 /* Diffable Data Source */;
			targetProxy = 9A4D2CAA23A104E5004F3918 /* PBXContainerItemProxy */;
		};
/* End PBXTargetDependency section */

/* Begin PBXVariantGroup section */
		9A4D2C9123A104E4004F3918 /* Main.storyboard */ = {
			isa = PBXVariantGroup;
			children = (
				9A4D2C9223A104E4004F3918 /* Base */,
			);
			name = Main.storyboard;
			sourceTree = "<group>";
		};
		9A4D2C9623A104E5004F3918 /* LaunchScreen.storyboard */ = {
			isa = PBXVariantGroup;
			children = (
				9A4D2C9723A104E5004F3918 /* Base */,
			);
			name = LaunchScreen.storyboard;
			sourceTree = "<group>";
		};
/* End PBXVariantGroup section */

/* Begin XCBuildConfiguration section */
		9A4D2CB023A104E5004F3918 /* Debug */ = {
			isa = XCBuildConfiguration;
			buildSettings = {
				ALWAYS_SEARCH_USER_PATHS = NO;
				CLANG_ANALYZER_NONNULL = YES;
				CLANG_ANALYZER_NUMBER_OBJECT_CONVERSION = YES_AGGRESSIVE;
				CLANG_CXX_LANGUAGE_STANDARD = "gnu++14";
				CLANG_CXX_LIBRARY = "libc++";
				CLANG_ENABLE_MODULES = YES;
				CLANG_ENABLE_OBJC_ARC = YES;
				CLANG_ENABLE_OBJC_WEAK = YES;
				CLANG_WARN_BLOCK_CAPTURE_AUTORELEASING = YES;
				CLANG_WARN_BOOL_CONVERSION = YES;
				CLANG_WARN_COMMA = YES;
				CLANG_WARN_CONSTANT_CONVERSION = YES;
				CLANG_WARN_DEPRECATED_OBJC_IMPLEMENTATIONS = YES;
				CLANG_WARN_DIRECT_OBJC_ISA_USAGE = YES_ERROR;
				CLANG_WARN_DOCUMENTATION_COMMENTS = YES;
				CLANG_WARN_EMPTY_BODY = YES;
				CLANG_WARN_ENUM_CONVERSION = YES;
				CLANG_WARN_INFINITE_RECURSION = YES;
				CLANG_WARN_INT_CONVERSION = YES;
				CLANG_WARN_NON_LITERAL_NULL_CONVERSION = YES;
				CLANG_WARN_OBJC_IMPLICIT_RETAIN_SELF = YES;
				CLANG_WARN_OBJC_LITERAL_CONVERSION = YES;
				CLANG_WARN_OBJC_ROOT_CLASS = YES_ERROR;
				CLANG_WARN_RANGE_LOOP_ANALYSIS = YES;
				CLANG_WARN_STRICT_PROTOTYPES = YES;
				CLANG_WARN_SUSPICIOUS_MOVE = YES;
				CLANG_WARN_UNGUARDED_AVAILABILITY = YES_AGGRESSIVE;
				CLANG_WARN_UNREACHABLE_CODE = YES;
				CLANG_WARN__DUPLICATE_METHOD_MATCH = YES;
				COPY_PHASE_STRIP = NO;
				DEBUG_INFORMATION_FORMAT = dwarf;
				ENABLE_STRICT_OBJC_MSGSEND = YES;
				ENABLE_TESTABILITY = YES;
				GCC_C_LANGUAGE_STANDARD = gnu11;
				GCC_DYNAMIC_NO_PIC = NO;
				GCC_NO_COMMON_BLOCKS = YES;
				GCC_OPTIMIZATION_LEVEL = 0;
				GCC_PREPROCESSOR_DEFINITIONS = (
					"DEBUG=1",
					"$(inherited)",
				);
				GCC_WARN_64_TO_32_BIT_CONVERSION = YES;
				GCC_WARN_ABOUT_RETURN_TYPE = YES_ERROR;
				GCC_WARN_UNDECLARED_SELECTOR = YES;
				GCC_WARN_UNINITIALIZED_AUTOS = YES_AGGRESSIVE;
				GCC_WARN_UNUSED_FUNCTION = YES;
				GCC_WARN_UNUSED_VARIABLE = YES;
				IPHONEOS_DEPLOYMENT_TARGET = 13.0;
				MTL_ENABLE_DEBUG_INFO = INCLUDE_SOURCE;
				MTL_FAST_MATH = YES;
				ONLY_ACTIVE_ARCH = YES;
				SDKROOT = iphoneos;
				SWIFT_ACTIVE_COMPILATION_CONDITIONS = DEBUG;
				SWIFT_OPTIMIZATION_LEVEL = "-Onone";
			};
			name = Debug;
		};
		9A4D2CB123A104E5004F3918 /* Release */ = {
			isa = XCBuildConfiguration;
			buildSettings = {
				ALWAYS_SEARCH_USER_PATHS = NO;
				CLANG_ANALYZER_NONNULL = YES;
				CLANG_ANALYZER_NUMBER_OBJECT_CONVERSION = YES_AGGRESSIVE;
				CLANG_CXX_LANGUAGE_STANDARD = "gnu++14";
				CLANG_CXX_LIBRARY = "libc++";
				CLANG_ENABLE_MODULES = YES;
				CLANG_ENABLE_OBJC_ARC = YES;
				CLANG_ENABLE_OBJC_WEAK = YES;
				CLANG_WARN_BLOCK_CAPTURE_AUTORELEASING = YES;
				CLANG_WARN_BOOL_CONVERSION = YES;
				CLANG_WARN_COMMA = YES;
				CLANG_WARN_CONSTANT_CONVERSION = YES;
				CLANG_WARN_DEPRECATED_OBJC_IMPLEMENTATIONS = YES;
				CLANG_WARN_DIRECT_OBJC_ISA_USAGE = YES_ERROR;
				CLANG_WARN_DOCUMENTATION_COMMENTS = YES;
				CLANG_WARN_EMPTY_BODY = YES;
				CLANG_WARN_ENUM_CONVERSION = YES;
				CLANG_WARN_INFINITE_RECURSION = YES;
				CLANG_WARN_INT_CONVERSION = YES;
				CLANG_WARN_NON_LITERAL_NULL_CONVERSION = YES;
				CLANG_WARN_OBJC_IMPLICIT_RETAIN_SELF = YES;
				CLANG_WARN_OBJC_LITERAL_CONVERSION = YES;
				CLANG_WARN_OBJC_ROOT_CLASS = YES_ERROR;
				CLANG_WARN_RANGE_LOOP_ANALYSIS = YES;
				CLANG_WARN_STRICT_PROTOTYPES = YES;
				CLANG_WARN_SUSPICIOUS_MOVE = YES;
				CLANG_WARN_UNGUARDED_AVAILABILITY = YES_AGGRESSIVE;
				CLANG_WARN_UNREACHABLE_CODE = YES;
				CLANG_WARN__DUPLICATE_METHOD_MATCH = YES;
				COPY_PHASE_STRIP = NO;
				DEBUG_INFORMATION_FORMAT = "dwarf-with-dsym";
				ENABLE_NS_ASSERTIONS = NO;
				ENABLE_STRICT_OBJC_MSGSEND = YES;
				GCC_C_LANGUAGE_STANDARD = gnu11;
				GCC_NO_COMMON_BLOCKS = YES;
				GCC_WARN_64_TO_32_BIT_CONVERSION = YES;
				GCC_WARN_ABOUT_RETURN_TYPE = YES_ERROR;
				GCC_WARN_UNDECLARED_SELECTOR = YES;
				GCC_WARN_UNINITIALIZED_AUTOS = YES_AGGRESSIVE;
				GCC_WARN_UNUSED_FUNCTION = YES;
				GCC_WARN_UNUSED_VARIABLE = YES;
				IPHONEOS_DEPLOYMENT_TARGET = 13.0;
				MTL_ENABLE_DEBUG_INFO = NO;
				MTL_FAST_MATH = YES;
				SDKROOT = iphoneos;
				SWIFT_COMPILATION_MODE = wholemodule;
				SWIFT_OPTIMIZATION_LEVEL = "-O";
				VALIDATE_PRODUCT = YES;
			};
			name = Release;
		};
		9A4D2CB323A104E5004F3918 /* Debug */ = {
			isa = XCBuildConfiguration;
			buildSettings = {
				ASSETCATALOG_COMPILER_APPICON_NAME = AppIcon;
				CODE_SIGN_STYLE = Automatic;
				DEVELOPMENT_TEAM = W8ZB6PL47P;
				INFOPLIST_FILE = "Diffable Data Source/Info.plist";
				LD_RUNPATH_SEARCH_PATHS = (
					"$(inherited)",
					"@executable_path/Frameworks",
				);
				PRODUCT_BUNDLE_IDENTIFIER = "in.co.indigo.Diffable-Data-Source";
				PRODUCT_NAME = "$(TARGET_NAME)";
				SWIFT_VERSION = 5.0;
				TARGETED_DEVICE_FAMILY = "1,2";
			};
			name = Debug;
		};
		9A4D2CB423A104E5004F3918 /* Release */ = {
			isa = XCBuildConfiguration;
			buildSettings = {
				ASSETCATALOG_COMPILER_APPICON_NAME = AppIcon;
				CODE_SIGN_STYLE = Automatic;
				DEVELOPMENT_TEAM = W8ZB6PL47P;
				INFOPLIST_FILE = "Diffable Data Source/Info.plist";
				LD_RUNPATH_SEARCH_PATHS = (
					"$(inherited)",
					"@executable_path/Frameworks",
				);
				PRODUCT_BUNDLE_IDENTIFIER = "in.co.indigo.Diffable-Data-Source";
				PRODUCT_NAME = "$(TARGET_NAME)";
				SWIFT_VERSION = 5.0;
				TARGETED_DEVICE_FAMILY = "1,2";
			};
			name = Release;
		};
		9A4D2CB623A104E5004F3918 /* Debug */ = {
			isa = XCBuildConfiguration;
			buildSettings = {
				ALWAYS_EMBED_SWIFT_STANDARD_LIBRARIES = YES;
				BUNDLE_LOADER = "$(TEST_HOST)";
				CODE_SIGN_STYLE = Automatic;
				DEVELOPMENT_TEAM = W8ZB6PL47P;
				INFOPLIST_FILE = "Diffable Data SourceTests/Info.plist";
				IPHONEOS_DEPLOYMENT_TARGET = 13.0;
				LD_RUNPATH_SEARCH_PATHS = (
					"$(inherited)",
					"@executable_path/Frameworks",
					"@loader_path/Frameworks",
				);
				PRODUCT_BUNDLE_IDENTIFIER = "in.co.indigo.Diffable-Data-SourceTests";
				PRODUCT_NAME = "$(TARGET_NAME)";
				SWIFT_VERSION = 5.0;
				TARGETED_DEVICE_FAMILY = "1,2";
				TEST_HOST = "$(BUILT_PRODUCTS_DIR)/Diffable Data Source.app/Diffable Data Source";
			};
			name = Debug;
		};
		9A4D2CB723A104E5004F3918 /* Release */ = {
			isa = XCBuildConfiguration;
			buildSettings = {
				ALWAYS_EMBED_SWIFT_STANDARD_LIBRARIES = YES;
				BUNDLE_LOADER = "$(TEST_HOST)";
				CODE_SIGN_STYLE = Automatic;
				DEVELOPMENT_TEAM = W8ZB6PL47P;
				INFOPLIST_FILE = "Diffable Data SourceTests/Info.plist";
				IPHONEOS_DEPLOYMENT_TARGET = 13.0;
				LD_RUNPATH_SEARCH_PATHS = (
					"$(inherited)",
					"@executable_path/Frameworks",
					"@loader_path/Frameworks",
				);
				PRODUCT_BUNDLE_IDENTIFIER = "in.co.indigo.Diffable-Data-SourceTests";
				PRODUCT_NAME = "$(TARGET_NAME)";
				SWIFT_VERSION = 5.0;
				TARGETED_DEVICE_FAMILY = "1,2";
				TEST_HOST = "$(BUILT_PRODUCTS_DIR)/Diffable Data Source.app/Diffable Data Source";
			};
			name = Release;
		};
		9A4D2CB923A104E5004F3918 /* Debug */ = {
			isa = XCBuildConfiguration;
			buildSettings = {
				ALWAYS_EMBED_SWIFT_STANDARD_LIBRARIES = YES;
				CODE_SIGN_STYLE = Automatic;
				DEVELOPMENT_TEAM = W8ZB6PL47P;
				INFOPLIST_FILE = "Diffable Data SourceUITests/Info.plist";
				LD_RUNPATH_SEARCH_PATHS = (
					"$(inherited)",
					"@executable_path/Frameworks",
					"@loader_path/Frameworks",
				);
				PRODUCT_BUNDLE_IDENTIFIER = "in.co.indigo.Diffable-Data-SourceUITests";
				PRODUCT_NAME = "$(TARGET_NAME)";
				SWIFT_VERSION = 5.0;
				TARGETED_DEVICE_FAMILY = "1,2";
				TEST_TARGET_NAME = "Diffable Data Source";
			};
			name = Debug;
		};
		9A4D2CBA23A104E5004F3918 /* Release */ = {
			isa = XCBuildConfiguration;
			buildSettings = {
				ALWAYS_EMBED_SWIFT_STANDARD_LIBRARIES = YES;
				CODE_SIGN_STYLE = Automatic;
				DEVELOPMENT_TEAM = W8ZB6PL47P;
				INFOPLIST_FILE = "Diffable Data SourceUITests/Info.plist";
				LD_RUNPATH_SEARCH_PATHS = (
					"$(inherited)",
					"@executable_path/Frameworks",
					"@loader_path/Frameworks",
				);
				PRODUCT_BUNDLE_IDENTIFIER = "in.co.indigo.Diffable-Data-SourceUITests";
				PRODUCT_NAME = "$(TARGET_NAME)";
				SWIFT_VERSION = 5.0;
				TARGETED_DEVICE_FAMILY = "1,2";
				TEST_TARGET_NAME = "Diffable Data Source";
			};
			name = Release;
		};
/* End XCBuildConfiguration section */

/* Begin XCConfigurationList section */
		9A4D2C8323A104E4004F3918 /* Build configuration list for PBXProject "Diffable Data Source" */ = {
			isa = XCConfigurationList;
			buildConfigurations = (
				9A4D2CB023A104E5004F3918 /* Debug */,
				9A4D2CB123A104E5004F3918 /* Release */,
			);
			defaultConfigurationIsVisible = 0;
			defaultConfigurationName = Release;
		};
		9A4D2CB223A104E5004F3918 /* Build configuration list for PBXNativeTarget "Diffable Data Source" */ = {
			isa = XCConfigurationList;
			buildConfigurations = (
				9A4D2CB323A104E5004F3918 /* Debug */,
				9A4D2CB423A104E5004F3918 /* Release */,
			);
			defaultConfigurationIsVisible = 0;
			defaultConfigurationName = Release;
		};
		9A4D2CB523A104E5004F3918 /* Build configuration list for PBXNativeTarget "Diffable Data SourceTests" */ = {
			isa = XCConfigurationList;
			buildConfigurations = (
				9A4D2CB623A104E5004F3918 /* Debug */,
				9A4D2CB723A104E5004F3918 /* Release */,
			);
			defaultConfigurationIsVisible = 0;
			defaultConfigurationName = Release;
		};
		9A4D2CB823A104E5004F3918 /* Build configuration list for PBXNativeTarget "Diffable Data SourceUITests" */ = {
			isa = XCConfigurationList;
			buildConfigurations = (
				9A4D2CB923A104E5004F3918 /* Debug */,
				9A4D2CBA23A104E5004F3918 /* Release */,
			);
			defaultConfigurationIsVisible = 0;
			defaultConfigurationName = Release;
		};
/* End XCConfigurationList section */
	};
	rootObject = 9A4D2C8023A104E4004F3918 /* Project object */;
}
